
Microsoft Visual Studio Solution File, Format Version 12.00
# Visual Studio Version 17
VisualStudioVersion = 17.11.35303.130
MinimumVisualStudioVersion = 10.0.40219.1
Project("{2150E333-8FDC-42A3-9474-1A3956D46DE8}") = "Task0", "Task0", "{E33578B0-C7A7-4CCD-8EDB-8AEF5E9908D4}"
EndProject
Project("{9A19103F-16F7-4668-BE54-9A1E7A4F7556}") = "Tyiui.KulkoDA.Sprint0.Task0.V0", "Tyiui.KulkoDA.Sprint0.Task0.V0\Tyiui.KulkoDA.Sprint0.Task0.V0.csproj", "{BEB8D832-FE83-4678-B85B-C22BB1F25065}"
EndProject
Project("{2150E333-8FDC-42A3-9474-1A3956D46DE8}") = "Task1", "Task1", "{48F816B7-3F31-46BB-932D-E41389450AB3}"
EndProject
Project("{9A19103F-16F7-4668-BE54-9A1E7A4F7556}") = "Tyuiu.KulkoDA.Sprint0.Task1.V0", "Tyuiu.KulkoDA.Sprint0.Task1.V0\Tyuiu.KulkoDA.Sprint0.Task1.V0.csproj", "{0BD76CAD-B836-49FD-A05C-1D1D3D4D313C}"
EndProject
Project("{2150E333-8FDC-42A3-9474-1A3956D46DE8}") = "Task2", "Task2", "{C3EE3962-9525-4B39-91C8-6B4C5C8AEAE8}"
EndProject
Project("{9A19103F-16F7-4668-BE54-9A1E7A4F7556}") = "Tyuiu.KulkoDA.Sprint0.Task2.V0", "Tyuiu.KulkoDA.Sprint0.Task2.V0\Tyuiu.KulkoDA.Sprint0.Task2.V0.csproj", "{144CAD35-221E-4C8B-8D40-E1439858DAAE}"
EndProject
Project("{9A19103F-16F7-4668-BE54-9A1E7A4F7556}") = "Tyuiu.KulkoDA.Sprint0.Task2.V0.Test", "Tyuiu.KulkoDA.Sprint0.Task2.V0.Test\Tyuiu.KulkoDA.Sprint0.Task2.V0.Test.csproj", "{387EE898-C742-48B9-9DAD-B92650F7808A}"
EndProject
Project("{9A19103F-16F7-4668-BE54-9A1E7A4F7556}") = "Tyuiu.KulkoDA.Sprint0.Task2.V0.Lib", "Tyuiu.KulkoDA.Sprint0.Task2.V0.Lib\Tyuiu.KulkoDA.Sprint0.Task2.V0.Lib.csproj", "{42A9D9BB-CA12-4A3B-9E33-BE874FB1E7CF}"
EndProject
Project("{2150E333-8FDC-42A3-9474-1A3956D46DE8}") = "Task3", "Task3", "{D2B431BC-AEA8-49FC-94C8-5BE9315A1EBE}"
EndProject
Project("{9A19103F-16F7-4668-BE54-9A1E7A4F7556}") = "Tyuiu.KulkoDA.Sprint0.Task3.V0.Lib", "Tyuiu.KulkoDA.Sprint0.Task3.V0.Lib\Tyuiu.KulkoDA.Sprint0.Task3.V0.Lib.csproj", "{54A08A79-1F94-4F94-ADF0-E036364AA096}"
EndProject
Project("{9A19103F-16F7-4668-BE54-9A1E7A4F7556}") = "Tyuiu.KulkoDA.Sprint0.Task3.V0", "Tyuiu.KulkoDA.Sprint0.Task3.V0\Tyuiu.KulkoDA.Sprint0.Task3.V0.csproj", "{B97857AD-83FA-40E1-9D72-6931F09A1BB8}"
EndProject
Project("{9A19103F-16F7-4668-BE54-9A1E7A4F7556}") = "Tyuiu.KulkoDA.Sprint0.Task3.V0.Test", "Tyuiu.KulkoDA.Sprint0.Task3.V0.Test\Tyuiu.KulkoDA.Sprint0.Task3.V0.Test.csproj", "{9C58CFC1-CC9D-4B23-A190-C3100E705066}"
EndProject
Project("{2150E333-8FDC-42A3-9474-1A3956D46DE8}") = "Task 4", "Task 4", "{1C1982EB-9715-4200-B27A-A22C389AD737}"
EndProject
Project("{9A19103F-16F7-4668-BE54-9A1E7A4F7556}") = "Tyuiu.KulkoDA.Sprint0.Task4.V0.Test", "Tyuiu.KulkoDA.Sprint0.Task4.V0.Test\Tyuiu.KulkoDA.Sprint0.Task4.V0.Test.csproj", "{4E5C3AE5-C7FE-498C-951E-4B26F8093A4B}"
EndProject
Project("{9A19103F-16F7-4668-BE54-9A1E7A4F7556}") = "Tyuiu.KulkoDA.Sprint0.Task4.V0.", "Tyuiu.KulkoDA.Sprint0.Task4.V0\Tyuiu.KulkoDA.Sprint0.Task4.V0..csproj", "{BEE8EB8B-3615-4CE0-ACF1-5D5EAEC5F3E6}"
EndProject
Project("{9A19103F-16F7-4668-BE54-9A1E7A4F7556}") = "Tyuiu.KulkoDA.Sprint0.Task4.V0.Lib", "Tyuiu.KulkoDA.Sprint0.Task4.V0.Lib\Tyuiu.KulkoDA.Sprint0.Task4.V0.Lib.csproj", "{816F80B2-E918-44CD-95BB-7EEE2E708867}"
EndProject
Project("{2150E333-8FDC-42A3-9474-1A3956D46DE8}") = "Task5", "Task5", "{5520D280-618B-4822-919B-F40BB77879CF}"
EndProject
Project("{9A19103F-16F7-4668-BE54-9A1E7A4F7556}") = "Tyuiu.KulkoDA.Sprint0.Test5.V0.Lib", "Tyuiu.KulkoDA.Sprint0.Test5.V0.Lib\Tyuiu.KulkoDA.Sprint0.Test5.V0.Lib.csproj", "{5821475F-4230-4E36-B320-11AB19D72550}"
EndProject
Project("{9A19103F-16F7-4668-BE54-9A1E7A4F7556}") = "Tyuiu.KulkoDA.Sprint0.Test5.V0", "Tyuiu.KulkoDA.Sprint0.Test5.V0\Tyuiu.KulkoDA.Sprint0.Test5.V0.csproj", "{654BF944-791A-40F3-B003-9B1E71CE3852}"
EndProject
Project("{9A19103F-16F7-4668-BE54-9A1E7A4F7556}") = "Tyuiu.KulkoDA.Sprint0.Test5.V0.Test", "Tyuiu.KulkoDA.Sprint0.Test5.V0.Test\Tyuiu.KulkoDA.Sprint0.Test5.V0.Test.csproj", "{90EEE2BF-2ADA-4B98-9D39-9316849EF1BE}"
EndProject
Project("{2150E333-8FDC-42A3-9474-1A3956D46DE8}") = "Task6", "Task6", "{88494BEF-7284-471C-B9B5-3D79B3B33625}"
EndProject
Project("{FAE04EC0-301F-11D3-BF4B-00C04F79EFBC}") = "Tyuiu.KulkoDA.Sprint0.Test6.V0", "Tyuiu.KulkoDA.Sprint0.Test6.V0\Tyuiu.KulkoDA.Sprint0.Test6.V0.csproj", "{47EE0A42-DCF1-4C5D-8D22-6EFCD094DAD2}"
EndProject
Project("{FAE04EC0-301F-11D3-BF4B-00C04F79EFBC}") = "Tyuiu.KulkoDA.Sprint0.Test6.V0.Lib", "Tyuiu.KulkoDA.Sprint0.Test6.V0.Lib\Tyuiu.KulkoDA.Sprint0.Test6.V0.Lib.csproj", "{CDEB8867-0FED-4FC9-A772-AA5761B3656A}"
EndProject
Project("{FAE04EC0-301F-11D3-BF4B-00C04F79EFBC}") = "Tyuiu.KulkoDA.Sprint0.Test6.V0.Test", "Tyuiu.KulkoDA.Sprint0.Test6.V0.Test\Tyuiu.KulkoDA.Sprint0.Test6.V0.Test.csproj", "{C576E226-8EDB-4B60-B496-1E727A3FC652}"
EndProject
Global
	GlobalSection(SolutionConfigurationPlatforms) = preSolution
		Debug|Any CPU = Debug|Any CPU
		Release|Any CPU = Release|Any CPU
	EndGlobalSection
	GlobalSection(ProjectConfigurationPlatforms) = postSolution
		{BEB8D832-FE83-4678-B85B-C22BB1F25065}.Debug|Any CPU.ActiveCfg = Debug|Any CPU
		{BEB8D832-FE83-4678-B85B-C22BB1F25065}.Debug|Any CPU.Build.0 = Debug|Any CPU
		{BEB8D832-FE83-4678-B85B-C22BB1F25065}.Release|Any CPU.ActiveCfg = Release|Any CPU
		{BEB8D832-FE83-4678-B85B-C22BB1F25065}.Release|Any CPU.Build.0 = Release|Any CPU
		{0BD76CAD-B836-49FD-A05C-1D1D3D4D313C}.Debug|Any CPU.ActiveCfg = Debug|Any CPU
		{0BD76CAD-B836-49FD-A05C-1D1D3D4D313C}.Debug|Any CPU.Build.0 = Debug|Any CPU
		{0BD76CAD-B836-49FD-A05C-1D1D3D4D313C}.Release|Any CPU.ActiveCfg = Release|Any CPU
		{0BD76CAD-B836-49FD-A05C-1D1D3D4D313C}.Release|Any CPU.Build.0 = Release|Any CPU
		{144CAD35-221E-4C8B-8D40-E1439858DAAE}.Debug|Any CPU.ActiveCfg = Debug|Any CPU
		{144CAD35-221E-4C8B-8D40-E1439858DAAE}.Debug|Any CPU.Build.0 = Debug|Any CPU
		{144CAD35-221E-4C8B-8D40-E1439858DAAE}.Release|Any CPU.ActiveCfg = Release|Any CPU
		{144CAD35-221E-4C8B-8D40-E1439858DAAE}.Release|Any CPU.Build.0 = Release|Any CPU
		{387EE898-C742-48B9-9DAD-B92650F7808A}.Debug|Any CPU.ActiveCfg = Debug|Any CPU
		{387EE898-C742-48B9-9DAD-B92650F7808A}.Debug|Any CPU.Build.0 = Debug|Any CPU
		{387EE898-C742-48B9-9DAD-B92650F7808A}.Release|Any CPU.ActiveCfg = Release|Any CPU
		{387EE898-C742-48B9-9DAD-B92650F7808A}.Release|Any CPU.Build.0 = Release|Any CPU
		{42A9D9BB-CA12-4A3B-9E33-BE874FB1E7CF}.Debug|Any CPU.ActiveCfg = Debug|Any CPU
		{42A9D9BB-CA12-4A3B-9E33-BE874FB1E7CF}.Debug|Any CPU.Build.0 = Debug|Any CPU
		{42A9D9BB-CA12-4A3B-9E33-BE874FB1E7CF}.Release|Any CPU.ActiveCfg = Release|Any CPU
		{42A9D9BB-CA12-4A3B-9E33-BE874FB1E7CF}.Release|Any CPU.Build.0 = Release|Any CPU
		{54A08A79-1F94-4F94-ADF0-E036364AA096}.Debug|Any CPU.ActiveCfg = Debug|Any CPU
		{54A08A79-1F94-4F94-ADF0-E036364AA096}.Debug|Any CPU.Build.0 = Debug|Any CPU
		{54A08A79-1F94-4F94-ADF0-E036364AA096}.Release|Any CPU.ActiveCfg = Release|Any CPU
		{54A08A79-1F94-4F94-ADF0-E036364AA096}.Release|Any CPU.Build.0 = Release|Any CPU
		{B97857AD-83FA-40E1-9D72-6931F09A1BB8}.Debug|Any CPU.ActiveCfg = Debug|Any CPU
		{B97857AD-83FA-40E1-9D72-6931F09A1BB8}.Debug|Any CPU.Build.0 = Debug|Any CPU
		{B97857AD-83FA-40E1-9D72-6931F09A1BB8}.Release|Any CPU.ActiveCfg = Release|Any CPU
		{B97857AD-83FA-40E1-9D72-6931F09A1BB8}.Release|Any CPU.Build.0 = Release|Any CPU
		{9C58CFC1-CC9D-4B23-A190-C3100E705066}.Debug|Any CPU.ActiveCfg = Debug|Any CPU
		{9C58CFC1-CC9D-4B23-A190-C3100E705066}.Debug|Any CPU.Build.0 = Debug|Any CPU
		{9C58CFC1-CC9D-4B23-A190-C3100E705066}.Release|Any CPU.ActiveCfg = Release|Any CPU
		{9C58CFC1-CC9D-4B23-A190-C3100E705066}.Release|Any CPU.Build.0 = Release|Any CPU
		{4E5C3AE5-C7FE-498C-951E-4B26F8093A4B}.Debug|Any CPU.ActiveCfg = Debug|Any CPU
		{4E5C3AE5-C7FE-498C-951E-4B26F8093A4B}.Debug|Any CPU.Build.0 = Debug|Any CPU
		{4E5C3AE5-C7FE-498C-951E-4B26F8093A4B}.Release|Any CPU.ActiveCfg = Release|Any CPU
		{4E5C3AE5-C7FE-498C-951E-4B26F8093A4B}.Release|Any CPU.Build.0 = Release|Any CPU
		{BEE8EB8B-3615-4CE0-ACF1-5D5EAEC5F3E6}.Debug|Any CPU.ActiveCfg = Debug|Any CPU
		{BEE8EB8B-3615-4CE0-ACF1-5D5EAEC5F3E6}.Debug|Any CPU.Build.0 = Debug|Any CPU
		{BEE8EB8B-3615-4CE0-ACF1-5D5EAEC5F3E6}.Release|Any CPU.ActiveCfg = Release|Any CPU
		{BEE8EB8B-3615-4CE0-ACF1-5D5EAEC5F3E6}.Release|Any CPU.Build.0 = Release|Any CPU
		{816F80B2-E918-44CD-95BB-7EEE2E708867}.Debug|Any CPU.ActiveCfg = Debug|Any CPU
		{816F80B2-E918-44CD-95BB-7EEE2E708867}.Debug|Any CPU.Build.0 = Debug|Any CPU
		{816F80B2-E918-44CD-95BB-7EEE2E708867}.Release|Any CPU.ActiveCfg = Release|Any CPU
		{816F80B2-E918-44CD-95BB-7EEE2E708867}.Release|Any CPU.Build.0 = Release|Any CPU
		{5821475F-4230-4E36-B320-11AB19D72550}.Debug|Any CPU.ActiveCfg = Debug|Any CPU
		{5821475F-4230-4E36-B320-11AB19D72550}.Debug|Any CPU.Build.0 = Debug|Any CPU
		{5821475F-4230-4E36-B320-11AB19D72550}.Release|Any CPU.ActiveCfg = Release|Any CPU
		{5821475F-4230-4E36-B320-11AB19D72550}.Release|Any CPU.Build.0 = Release|Any CPU
		{654BF944-791A-40F3-B003-9B1E71CE3852}.Debug|Any CPU.ActiveCfg = Debug|Any CPU
		{654BF944-791A-40F3-B003-9B1E71CE3852}.Debug|Any CPU.Build.0 = Debug|Any CPU
		{654BF944-791A-40F3-B003-9B1E71CE3852}.Release|Any CPU.ActiveCfg = Release|Any CPU
		{654BF944-791A-40F3-B003-9B1E71CE3852}.Release|Any CPU.Build.0 = Release|Any CPU
		{90EEE2BF-2ADA-4B98-9D39-9316849EF1BE}.Debug|Any CPU.ActiveCfg = Debug|Any CPU
		{90EEE2BF-2ADA-4B98-9D39-9316849EF1BE}.Debug|Any CPU.Build.0 = Debug|Any CPU
		{90EEE2BF-2ADA-4B98-9D39-9316849EF1BE}.Release|Any CPU.ActiveCfg = Release|Any CPU
		{90EEE2BF-2ADA-4B98-9D39-9316849EF1BE}.Release|Any CPU.Build.0 = Release|Any CPU
		{47EE0A42-DCF1-4C5D-8D22-6EFCD094DAD2}.Debug|Any CPU.ActiveCfg = Debug|Any CPU
		{47EE0A42-DCF1-4C5D-8D22-6EFCD094DAD2}.Debug|Any CPU.Build.0 = Debug|Any CPU
		{47EE0A42-DCF1-4C5D-8D22-6EFCD094DAD2}.Release|Any CPU.ActiveCfg = Release|Any CPU
		{47EE0A42-DCF1-4C5D-8D22-6EFCD094DAD2}.Release|Any CPU.Build.0 = Release|Any CPU
		{CDEB8867-0FED-4FC9-A772-AA5761B3656A}.Debug|Any CPU.ActiveCfg = Debug|Any CPU
		{CDEB8867-0FED-4FC9-A772-AA5761B3656A}.Debug|Any CPU.Build.0 = Debug|Any CPU
		{CDEB8867-0FED-4FC9-A772-AA5761B3656A}.Release|Any CPU.ActiveCfg = Release|Any CPU
		{CDEB8867-0FED-4FC9-A772-AA5761B3656A}.Release|Any CPU.Build.0 = Release|Any CPU
		{C576E226-8EDB-4B60-B496-1E727A3FC652}.Debug|Any CPU.ActiveCfg = Debug|Any CPU
		{C576E226-8EDB-4B60-B496-1E727A3FC652}.Debug|Any CPU.Build.0 = Debug|Any CPU
		{C576E226-8EDB-4B60-B496-1E727A3FC652}.Release|Any CPU.ActiveCfg = Release|Any CPU
		{C576E226-8EDB-4B60-B496-1E727A3FC652}.Release|Any CPU.Build.0 = Release|Any CPU
	EndGlobalSection
	GlobalSection(SolutionProperties) = preSolution
		HideSolutionNode = FALSE
	EndGlobalSection
	GlobalSection(NestedProjects) = preSolution
		{BEB8D832-FE83-4678-B85B-C22BB1F25065} = {E33578B0-C7A7-4CCD-8EDB-8AEF5E9908D4}
		{0BD76CAD-B836-49FD-A05C-1D1D3D4D313C} = {48F816B7-3F31-46BB-932D-E41389450AB3}
		{144CAD35-221E-4C8B-8D40-E1439858DAAE} = {C3EE3962-9525-4B39-91C8-6B4C5C8AEAE8}
		{387EE898-C742-48B9-9DAD-B92650F7808A} = {C3EE3962-9525-4B39-91C8-6B4C5C8AEAE8}
		{42A9D9BB-CA12-4A3B-9E33-BE874FB1E7CF} = {C3EE3962-9525-4B39-91C8-6B4C5C8AEAE8}
		{54A08A79-1F94-4F94-ADF0-E036364AA096} = {D2B431BC-AEA8-49FC-94C8-5BE9315A1EBE}
		{B97857AD-83FA-40E1-9D72-6931F09A1BB8} = {D2B431BC-AEA8-49FC-94C8-5BE9315A1EBE}
		{9C58CFC1-CC9D-4B23-A190-C3100E705066} = {D2B431BC-AEA8-49FC-94C8-5BE9315A1EBE}
		{4E5C3AE5-C7FE-498C-951E-4B26F8093A4B} = {1C1982EB-9715-4200-B27A-A22C389AD737}
		{BEE8EB8B-3615-4CE0-ACF1-5D5EAEC5F3E6} = {1C1982EB-9715-4200-B27A-A22C389AD737}
		{816F80B2-E918-44CD-95BB-7EEE2E708867} = {1C1982EB-9715-4200-B27A-A22C389AD737}
		{5821475F-4230-4E36-B320-11AB19D72550} = {5520D280-618B-4822-919B-F40BB77879CF}
		{654BF944-791A-40F3-B003-9B1E71CE3852} = {5520D280-618B-4822-919B-F40BB77879CF}
		{90EEE2BF-2ADA-4B98-9D39-9316849EF1BE} = {5520D280-618B-4822-919B-F40BB77879CF}
		{47EE0A42-DCF1-4C5D-8D22-6EFCD094DAD2} = {88494BEF-7284-471C-B9B5-3D79B3B33625}
		{CDEB8867-0FED-4FC9-A772-AA5761B3656A} = {88494BEF-7284-471C-B9B5-3D79B3B33625}
		{C576E226-8EDB-4B60-B496-1E727A3FC652} = {88494BEF-7284-471C-B9B5-3D79B3B33625}
	EndGlobalSection
	GlobalSection(ExtensibilityGlobals) = postSolution
		SolutionGuid = {C101646C-B2F8-4FC0-910B-3CB6F3675A6F}
	EndGlobalSection
EndGlobal
