
Microsoft Visual Studio Solution File, Format Version 12.00
# Visual Studio Version 17
VisualStudioVersion = 17.11.35303.130
MinimumVisualStudioVersion = 10.0.40219.1
Project("{2150E333-8FDC-42A3-9474-1A3956D46DE8}") = "Task0", "Task0", "{E33578B0-C7A7-4CCD-8EDB-8AEF5E9908D4}"
EndProject
Project("{FAE04EC0-301F-11D3-BF4B-00C04F79EFBC}") = "Tyiui.KulkoDA.Sprint0.Task0.V0", "Tyiui.KulkoDA.Sprint0.Task0.V0\Tyiui.KulkoDA.Sprint0.Task0.V0.csproj", "{BEB8D832-FE83-4678-B85B-C22BB1F25065}"
EndProject
Project("{2150E333-8FDC-42A3-9474-1A3956D46DE8}") = "Task1", "Task1", "{48F816B7-3F31-46BB-932D-E41389450AB3}"
EndProject
Project("{FAE04EC0-301F-11D3-BF4B-00C04F79EFBC}") = "Tyuiu.KulkoDA.Sprint0.Task1.V0", "Tyuiu.KulkoDA.Sprint0.Task1.V0\Tyuiu.KulkoDA.Sprint0.Task1.V0.csproj", "{0BD76CAD-B836-49FD-A05C-1D1D3D4D313C}"
EndProject
Global
	GlobalSection(SolutionConfigurationPlatforms) = preSolution
		Debug|Any CPU = Debug|Any CPU
		Release|Any CPU = Release|Any CPU
	EndGlobalSection
	GlobalSection(ProjectConfigurationPlatforms) = postSolution
		{BEB8D832-FE83-4678-B85B-C22BB1F25065}.Debug|Any CPU.ActiveCfg = Debug|Any CPU
		{BEB8D832-FE83-4678-B85B-C22BB1F25065}.Debug|Any CPU.Build.0 = Debug|Any CPU
		{BEB8D832-FE83-4678-B85B-C22BB1F25065}.Release|Any CPU.ActiveCfg = Release|Any CPU
		{BEB8D832-FE83-4678-B85B-C22BB1F25065}.Release|Any CPU.Build.0 = Release|Any CPU
		{0BD76CAD-B836-49FD-A05C-1D1D3D4D313C}.Debug|Any CPU.ActiveCfg = Debug|Any CPU
		{0BD76CAD-B836-49FD-A05C-1D1D3D4D313C}.Debug|Any CPU.Build.0 = Debug|Any CPU
		{0BD76CAD-B836-49FD-A05C-1D1D3D4D313C}.Release|Any CPU.ActiveCfg = Release|Any CPU
		{0BD76CAD-B836-49FD-A05C-1D1D3D4D313C}.Release|Any CPU.Build.0 = Release|Any CPU
	EndGlobalSection
	GlobalSection(SolutionProperties) = preSolution
		HideSolutionNode = FALSE
	EndGlobalSection
	GlobalSection(NestedProjects) = preSolution
		{BEB8D832-FE83-4678-B85B-C22BB1F25065} = {E33578B0-C7A7-4CCD-8EDB-8AEF5E9908D4}
		{0BD76CAD-B836-49FD-A05C-1D1D3D4D313C} = {48F816B7-3F31-46BB-932D-E41389450AB3}
	EndGlobalSection
	GlobalSection(ExtensibilityGlobals) = postSolution
		SolutionGuid = {C101646C-B2F8-4FC0-910B-3CB6F3675A6F}
	EndGlobalSection
EndGlobal
